
Microsoft Visual Studio Solution File, Format Version 12.00
# Visual Studio Version 17
VisualStudioVersion = 17.7.33808.371
MinimumVisualStudioVersion = 10.0.40219.1
Project("{9A19103F-16F7-4668-BE54-9A1E7A4F7556}") = "Web", "src\Web\Web.csproj", "{CAAD8FBA-148D-41CE-B7F3-E9F1E568A4ED}"
EndProject
Project("{9A19103F-16F7-4668-BE54-9A1E7A4F7556}") = "End2EndTesting", "test\End2EndTesting\End2EndTesting.csproj", "{6B7B25C3-1269-4AE8-959A-4BDF5606CE23}"
EndProject
Project("{9A19103F-16F7-4668-BE54-9A1E7A4F7556}") = "UnitTesting_Api", "test\UnitTesting_Api\UnitTesting_Api.csproj", "{F1D591CD-80AC-401C-A0E2-D012FF3E558A}"
EndProject
Project("{9A19103F-16F7-4668-BE54-9A1E7A4F7556}") = "Api", "src\Api\Api.csproj", "{D309DED1-E582-4163-8547-1D7EF840C2C0}"
EndProject
Project("{2150E333-8FDC-42A3-9474-1A3956D46DE8}") = "Testing", "Testing", "{EE059CB4-302A-439A-93FE-8DB4691D91A4}"
EndProject
Project("{2150E333-8FDC-42A3-9474-1A3956D46DE8}") = "Unit", "Unit", "{C1C4EFD3-B0AB-4CD9-8D3C-19A5A8B05DF6}"
EndProject
Project("{2150E333-8FDC-42A3-9474-1A3956D46DE8}") = "Apis", "Apis", "{5C9BF918-4FA1-46DC-A459-CCEBE70708B2}"
EndProject
Project("{2150E333-8FDC-42A3-9474-1A3956D46DE8}") = "Websites", "Websites", "{E87AD18C-50D1-4A3D-AD15-6C77F6F0CB59}"
EndProject
Project("{FAE04EC0-301F-11D3-BF4B-00C04F79EFBC}") = "IntegrationTesting", "test\IntegrationTesting\IntegrationTesting.csproj", "{C8678773-37D3-4C4D-86D3-50BB166F82EC}"
EndProject
Project("{2150E333-8FDC-42A3-9474-1A3956D46DE8}") = "Integration", "Integration", "{551B2C47-BD42-4B70-8A68-C866A295FDD6}"
EndProject
Project("{2150E333-8FDC-42A3-9474-1A3956D46DE8}") = "Acceptance", "Acceptance", "{B7108451-1E76-43A9-B78B-76BEF0C2DD3A}"
EndProject
Project("{FAE04EC0-301F-11D3-BF4B-00C04F79EFBC}") = "UnitTesting_Web", "test\UnitTesting_Web\UnitTesting_Web.csproj", "{532F0B44-4294-4732-A542-729A8D00423B}"
EndProject
Global
	GlobalSection(SolutionConfigurationPlatforms) = preSolution
		Debug|Any CPU = Debug|Any CPU
		Release|Any CPU = Release|Any CPU
	EndGlobalSection
	GlobalSection(ProjectConfigurationPlatforms) = postSolution
		{CAAD8FBA-148D-41CE-B7F3-E9F1E568A4ED}.Debug|Any CPU.ActiveCfg = Debug|Any CPU
		{CAAD8FBA-148D-41CE-B7F3-E9F1E568A4ED}.Debug|Any CPU.Build.0 = Debug|Any CPU
		{CAAD8FBA-148D-41CE-B7F3-E9F1E568A4ED}.Release|Any CPU.ActiveCfg = Release|Any CPU
		{CAAD8FBA-148D-41CE-B7F3-E9F1E568A4ED}.Release|Any CPU.Build.0 = Release|Any CPU
		{6B7B25C3-1269-4AE8-959A-4BDF5606CE23}.Debug|Any CPU.ActiveCfg = Debug|Any CPU
		{6B7B25C3-1269-4AE8-959A-4BDF5606CE23}.Debug|Any CPU.Build.0 = Debug|Any CPU
		{6B7B25C3-1269-4AE8-959A-4BDF5606CE23}.Release|Any CPU.ActiveCfg = Release|Any CPU
		{6B7B25C3-1269-4AE8-959A-4BDF5606CE23}.Release|Any CPU.Build.0 = Release|Any CPU
		{F1D591CD-80AC-401C-A0E2-D012FF3E558A}.Debug|Any CPU.ActiveCfg = Debug|Any CPU
		{F1D591CD-80AC-401C-A0E2-D012FF3E558A}.Debug|Any CPU.Build.0 = Debug|Any CPU
		{F1D591CD-80AC-401C-A0E2-D012FF3E558A}.Release|Any CPU.ActiveCfg = Release|Any CPU
		{F1D591CD-80AC-401C-A0E2-D012FF3E558A}.Release|Any CPU.Build.0 = Release|Any CPU
		{D309DED1-E582-4163-8547-1D7EF840C2C0}.Debug|Any CPU.ActiveCfg = Debug|Any CPU
		{D309DED1-E582-4163-8547-1D7EF840C2C0}.Debug|Any CPU.Build.0 = Debug|Any CPU
		{D309DED1-E582-4163-8547-1D7EF840C2C0}.Release|Any CPU.ActiveCfg = Release|Any CPU
		{D309DED1-E582-4163-8547-1D7EF840C2C0}.Release|Any CPU.Build.0 = Release|Any CPU
		{C8678773-37D3-4C4D-86D3-50BB166F82EC}.Debug|Any CPU.ActiveCfg = Debug|Any CPU
		{C8678773-37D3-4C4D-86D3-50BB166F82EC}.Debug|Any CPU.Build.0 = Debug|Any CPU
		{C8678773-37D3-4C4D-86D3-50BB166F82EC}.Release|Any CPU.ActiveCfg = Release|Any CPU
		{C8678773-37D3-4C4D-86D3-50BB166F82EC}.Release|Any CPU.Build.0 = Release|Any CPU
		{532F0B44-4294-4732-A542-729A8D00423B}.Debug|Any CPU.ActiveCfg = Debug|Any CPU
		{532F0B44-4294-4732-A542-729A8D00423B}.Debug|Any CPU.Build.0 = Debug|Any CPU
		{532F0B44-4294-4732-A542-729A8D00423B}.Release|Any CPU.ActiveCfg = Release|Any CPU
		{532F0B44-4294-4732-A542-729A8D00423B}.Release|Any CPU.Build.0 = Release|Any CPU
	EndGlobalSection
	GlobalSection(SolutionProperties) = preSolution
		HideSolutionNode = FALSE
	EndGlobalSection
	GlobalSection(NestedProjects) = preSolution
		{CAAD8FBA-148D-41CE-B7F3-E9F1E568A4ED} = {E87AD18C-50D1-4A3D-AD15-6C77F6F0CB59}
		{6B7B25C3-1269-4AE8-959A-4BDF5606CE23} = {B7108451-1E76-43A9-B78B-76BEF0C2DD3A}
		{F1D591CD-80AC-401C-A0E2-D012FF3E558A} = {C1C4EFD3-B0AB-4CD9-8D3C-19A5A8B05DF6}
		{D309DED1-E582-4163-8547-1D7EF840C2C0} = {5C9BF918-4FA1-46DC-A459-CCEBE70708B2}
		{C1C4EFD3-B0AB-4CD9-8D3C-19A5A8B05DF6} = {EE059CB4-302A-439A-93FE-8DB4691D91A4}
		{C8678773-37D3-4C4D-86D3-50BB166F82EC} = {551B2C47-BD42-4B70-8A68-C866A295FDD6}
		{551B2C47-BD42-4B70-8A68-C866A295FDD6} = {EE059CB4-302A-439A-93FE-8DB4691D91A4}
		{B7108451-1E76-43A9-B78B-76BEF0C2DD3A} = {EE059CB4-302A-439A-93FE-8DB4691D91A4}
		{532F0B44-4294-4732-A542-729A8D00423B} = {C1C4EFD3-B0AB-4CD9-8D3C-19A5A8B05DF6}
	EndGlobalSection
	GlobalSection(ExtensibilityGlobals) = postSolution
		SolutionGuid = {C53832E8-1796-4BBB-AB06-09A688D41661}
	EndGlobalSection
EndGlobal
